
Microsoft Visual Studio Solution File, Format Version 12.00
# Visual Studio Version 16
VisualStudioVersion = 16.0.31624.102
MinimumVisualStudioVersion = 10.0.40219.1
Project("{9A19103F-16F7-4668-BE54-9A1E7A4F7556}") = "SimpleTextMerger", "SimpleTextMerger.csproj", "{D7D80D8C-AA81-4F5A-BAE4-60E00B008F4D}"
EndProject
Project("{FAE04EC0-301F-11D3-BF4B-00C04F79EFBC}") = "SimpleTextMerger.Tests", "..\SimpleTextMerger.Tests\SimpleTextMerger.Tests.csproj", "{1446A125-412D-4736-9FBD-A3D3274FA740}"
EndProject
Global
	GlobalSection(SolutionConfigurationPlatforms) = preSolution
		Debug|Any CPU = Debug|Any CPU
		Release|Any CPU = Release|Any CPU
	EndGlobalSection
	GlobalSection(ProjectConfigurationPlatforms) = postSolution
		{D7D80D8C-AA81-4F5A-BAE4-60E00B008F4D}.Debug|Any CPU.ActiveCfg = Debug|Any CPU
		{D7D80D8C-AA81-4F5A-BAE4-60E00B008F4D}.Debug|Any CPU.Build.0 = Debug|Any CPU
		{D7D80D8C-AA81-4F5A-BAE4-60E00B008F4D}.Release|Any CPU.ActiveCfg = Release|Any CPU
		{D7D80D8C-AA81-4F5A-BAE4-60E00B008F4D}.Release|Any CPU.Build.0 = Release|Any CPU
		{1446A125-412D-4736-9FBD-A3D3274FA740}.Debug|Any CPU.ActiveCfg = Debug|Any CPU
		{1446A125-412D-4736-9FBD-A3D3274FA740}.Debug|Any CPU.Build.0 = Debug|Any CPU
		{1446A125-412D-4736-9FBD-A3D3274FA740}.Release|Any CPU.ActiveCfg = Release|Any CPU
		{1446A125-412D-4736-9FBD-A3D3274FA740}.Release|Any CPU.Build.0 = Release|Any CPU
	EndGlobalSection
	GlobalSection(SolutionProperties) = preSolution
		HideSolutionNode = FALSE
	EndGlobalSection
	GlobalSection(ExtensibilityGlobals) = postSolution
		SolutionGuid = {3DE128BA-F020-443E-AD46-0B0BFC31E6B7}
	EndGlobalSection
EndGlobal
